
Microsoft Visual Studio Solution File, Format Version 12.00
# Visual Studio Version 17
VisualStudioVersion = 17.11.35219.272
MinimumVisualStudioVersion = 10.0.40219.1
Project("{9A19103F-16F7-4668-BE54-9A1E7A4F7556}") = "DIASMedicalJournal", "DIASMedicalJournal\DIASMedicalJournal.csproj", "{66DB2EC6-F259-4D8B-AE90-C4DC13B747F9}"
EndProject
Project("{E53339B2-1760-4266-BCC7-CA923CBCF16C}") = "docker-compose", "docker-compose.dcproj", "{6412C699-9D8A-4BEB-A484-33F572ED82D3}"
EndProject
Global
	GlobalSection(SolutionConfigurationPlatforms) = preSolution
		Debug|Any CPU = Debug|Any CPU
		Release|Any CPU = Release|Any CPU
	EndGlobalSection
	GlobalSection(ProjectConfigurationPlatforms) = postSolution
		{66DB2EC6-F259-4D8B-AE90-C4DC13B747F9}.Debug|Any CPU.ActiveCfg = Debug|Any CPU
		{66DB2EC6-F259-4D8B-AE90-C4DC13B747F9}.Debug|Any CPU.Build.0 = Debug|Any CPU
		{66DB2EC6-F259-4D8B-AE90-C4DC13B747F9}.Release|Any CPU.ActiveCfg = Release|Any CPU
		{66DB2EC6-F259-4D8B-AE90-C4DC13B747F9}.Release|Any CPU.Build.0 = Release|Any CPU
		{6412C699-9D8A-4BEB-A484-33F572ED82D3}.Debug|Any CPU.ActiveCfg = Debug|Any CPU
		{6412C699-9D8A-4BEB-A484-33F572ED82D3}.Debug|Any CPU.Build.0 = Debug|Any CPU
		{6412C699-9D8A-4BEB-A484-33F572ED82D3}.Release|Any CPU.ActiveCfg = Release|Any CPU
		{6412C699-9D8A-4BEB-A484-33F572ED82D3}.Release|Any CPU.Build.0 = Release|Any CPU
	EndGlobalSection
	GlobalSection(SolutionProperties) = preSolution
		HideSolutionNode = FALSE
	EndGlobalSection
	GlobalSection(ExtensibilityGlobals) = postSolution
		SolutionGuid = {7D373AF2-0BF6-4550-865B-2CD3AD57203C}
	EndGlobalSection
EndGlobal
